
Microsoft Visual Studio Solution File, Format Version 12.00
# Visual Studio Version 17
VisualStudioVersion = 17.8.34330.188
MinimumVisualStudioVersion = 10.0.40219.1
Project("{FAE04EC0-301F-11D3-BF4B-00C04F79EFBC}") = "MetaDotaServer", "MetaDotaServer\MetaDotaServer.csproj", "{DD93BFAA-8D2E-4C23-A902-F3F8E521EF44}"
EndProject
Global
	GlobalSection(SolutionConfigurationPlatforms) = preSolution
		Debug|Any CPU = Debug|Any CPU
		Release|Any CPU = Release|Any CPU
	EndGlobalSection
	GlobalSection(ProjectConfigurationPlatforms) = postSolution
		{DD93BFAA-8D2E-4C23-A902-F3F8E521EF44}.Debug|Any CPU.ActiveCfg = Debug|Any CPU
		{DD93BFAA-8D2E-4C23-A902-F3F8E521EF44}.Debug|Any CPU.Build.0 = Debug|Any CPU
		{DD93BFAA-8D2E-4C23-A902-F3F8E521EF44}.Release|Any CPU.ActiveCfg = Release|Any CPU
		{DD93BFAA-8D2E-4C23-A902-F3F8E521EF44}.Release|Any CPU.Build.0 = Release|Any CPU
	EndGlobalSection
	GlobalSection(SolutionProperties) = preSolution
		HideSolutionNode = FALSE
	EndGlobalSection
	GlobalSection(ExtensibilityGlobals) = postSolution
		SolutionGuid = {8E5E1FBC-EFF3-425F-981B-0D2AEA828CEB}
	EndGlobalSection
EndGlobal
